// !$*UTF8*$!
{
	archiveVersion = 1;
	classes = {
	};
	objectVersion = 46;
	objects = {

/* Begin PBXBuildFile section */
		178E094C1F57D9250004517B /* main.m in Sources */ = {isa = PBXBuildFile; fileRef = 178E094B1F57D9250004517B /* main.m */; };
		178E09551F57D98C0004517B /* QuickSort.m in Sources */ = {isa = PBXBuildFile; fileRef = 178E09541F57D98C0004517B /* QuickSort.m */; };
/* End PBXBuildFile section */

/* Begin PBXCopyFilesBuildPhase section */
		178E09461F57D9250004517B /* CopyFiles */ = {
			isa = PBXCopyFilesBuildPhase;
			buildActionMask = 2147483647;
			dstPath = /usr/share/man/man1/;
			dstSubfolderSpec = 0;
			files = (
			);
			runOnlyForDeploymentPostprocessing = 1;
		};
/* End PBXCopyFilesBuildPhase section */

/* Begin PBXFileReference section */
		178E09481F57D9250004517B /* OC_algorithmDemo */ = {isa = PBXFileReference; explicitFileType = "compiled.mach-o.executable"; includeInIndex = 0; path = OC_algorithmDemo; sourceTree = BUILT_PRODUCTS_DIR; };
		178E094B1F57D9250004517B /* main.m */ = {isa = PBXFileReference; lastKnownFileType = sourcecode.c.objc; path = main.m; sourceTree = "<group>"; };
		178E09531F57D98C0004517B /* QuickSort.h */ = {isa = PBXFileReference; fileEncoding = 4; lastKnownFileType = sourcecode.c.h; path = QuickSort.h; sourceTree = "<group>"; };
		178E09541F57D98C0004517B /* QuickSort.m */ = {isa = PBXFileReference; fileEncoding = 4; lastKnownFileType = sourcecode.c.objc; path = QuickSort.m; sourceTree = "<group>"; };
/* End PBXFileReference section */

/* Begin PBXFrameworksBuildPhase section */
		178E09451F57D9250004517B /* Frameworks */ = {
			isa = PBXFrameworksBuildPhase;
			buildActionMask = 2147483647;
			files = (
			);
			runOnlyForDeploymentPostprocessing = 0;
		};
/* End PBXFrameworksBuildPhase section */

/* Begin PBXGroup section */
		178E093F1F57D9250004517B = {
			isa = PBXGroup;
			children = (
				178E094A1F57D9250004517B /* OC_algorithmDemo */,
				178E09491F57D9250004517B /* Products */,
			);
			sourceTree = "<group>";
		};
		178E09491F57D9250004517B /* Products */ = {
			isa = PBXGroup;
			children = (
				178E09481F57D9250004517B /* OC_algorithmDemo */,
			);
			name = Products;
			sourceTree = "<group>";
		};
		178E094A1F57D9250004517B /* OC_algorithmDemo */ = {
			isa = PBXGroup;
			children = (
				178E09521F57D97B0004517B /* Classes */,
				178E094B1F57D9250004517B /* main.m */,
			);
			path = OC_algorithmDemo;
			sourceTree = "<group>";
		};
		178E09521F57D97B0004517B /* Classes */ = {
			isa = PBXGroup;
			children = (
				178E09531F57D98C0004517B /* QuickSort.h */,
				178E09541F57D98C0004517B /* QuickSort.m */,
			);
			path = Classes;
			sourceTree = "<group>";
		};
/* End PBXGroup section */

/* Begin PBXNativeTarget section */
		178E09471F57D9250004517B /* OC_algorithmDemo */ = {
			isa = PBXNativeTarget;
			buildConfigurationList = 178E094F1F57D9250004517B /* Build configuration list for PBXNativeTarget "OC_algorithmDemo" */;
			buildPhases = (
				178E09441F57D9250004517B /* Sources */,
				178E09451F57D9250004517B /* Frameworks */,
				178E09461F57D9250004517B /* CopyFiles */,
			);
			buildRules = (
			);
			dependencies = (
			);
			name = OC_algorithmDemo;
			productName = OC_algorithmDemo;
			productReference = 178E09481F57D9250004517B /* OC_algorithmDemo */;
			productType = "com.apple.product-type.tool";
		};
/* End PBXNativeTarget section */

/* Begin PBXProject section */
		178E09401F57D9250004517B /* Project object */ = {
			isa = PBXProject;
			attributes = {
				LastUpgradeCheck = 0830;
				ORGANIZATIONNAME = "刘宇";
				TargetAttributes = {
					178E09471F57D9250004517B = {
						CreatedOnToolsVersion = 8.3.3;
						DevelopmentTeam = D34L92283T;
						ProvisioningStyle = Automatic;
					};
				};
			};
			buildConfigurationList = 178E09431F57D9250004517B /* Build configuration list for PBXProject "OC_algorithmDemo" */;
			compatibilityVersion = "Xcode 3.2";
			developmentRegion = English;
			hasScannedForEncodings = 0;
			knownRegions = (
				en,
			);
			mainGroup = 178E093F1F57D9250004517B;
			productRefGroup = 178E09491F57D9250004517B /* Products */;
			projectDirPath = "";
			projectRoot = "";
			targets = (
				178E09471F57D9250004517B /* OC_algorithmDemo */,
			);
		};
/* End PBXProject section */

/* Begin PBXSourcesBuildPhase section */
		178E09441F57D9250004517B /* Sources */ = {
			isa = PBXSourcesBuildPhase;
			buildActionMask = 2147483647;
			files = (
				178E094C1F57D9250004517B /* main.m in Sources */,
				178E09551F57D98C0004517B /* QuickSort.m in Sources */,
			);
			runOnlyForDeploymentPostprocessing = 0;
		};
/* End PBXSourcesBuildPhase section */

/* Begin XCBuildConfiguration section */
		178E094D1F57D9250004517B /* Debug */ = {
			isa = XCBuildConfiguration;
			buildSettings = {
				ALWAYS_SEARCH_USER_PATHS = NO;
				CLANG_ANALYZER_NONNULL = YES;
				CLANG_ANALYZER_NUMBER_OBJECT_CONVERSION = YES_AGGRESSIVE;
				CLANG_CXX_LANGUAGE_STANDARD = "gnu++0x";
				CLANG_CXX_LIBRARY = "libc++";
				CLANG_ENABLE_MODULES = YES;
				CLANG_ENABLE_OBJC_ARC = YES;
				CLANG_WARN_BOOL_CONVERSION = YES;
				CLANG_WARN_CONSTANT_CONVERSION = YES;
				CLANG_WARN_DIRECT_OBJC_ISA_USAGE = YES_ERROR;
				CLANG_WARN_DOCUMENTATION_COMMENTS = YES;
				CLANG_WARN_EMPTY_BODY = YES;
				CLANG_WARN_ENUM_CONVERSION = YES;
				CLANG_WARN_INFINITE_RECURSION = YES;
				CLANG_WARN_INT_CONVERSION = YES;
				CLANG_WARN_OBJC_ROOT_CLASS = YES_ERROR;
				CLANG_WARN_SUSPICIOUS_MOVE = YES;
				CLANG_WARN_UNREACHABLE_CODE = YES;
				CLANG_WARN__DUPLICATE_METHOD_MATCH = YES;
				CODE_SIGN_IDENTITY = "-";
				COPY_PHASE_STRIP = NO;
				DEBUG_INFORMATION_FORMAT = dwarf;
				ENABLE_STRICT_OBJC_MSGSEND = YES;
				ENABLE_TESTABILITY = YES;
				GCC_C_LANGUAGE_STANDARD = gnu99;
				GCC_DYNAMIC_NO_PIC = NO;
				GCC_NO_COMMON_BLOCKS = YES;
				GCC_OPTIMIZATION_LEVEL = 0;
				GCC_PREPROCESSOR_DEFINITIONS = (
					"DEBUG=1",
					"$(inherited)",
				);
				GCC_WARN_64_TO_32_BIT_CONVERSION = YES;
				GCC_WARN_ABOUT_RETURN_TYPE = YES_ERROR;
				GCC_WARN_UNDECLARED_SELECTOR = YES;
				GCC_WARN_UNINITIALIZED_AUTOS = YES_AGGRESSIVE;
				GCC_WARN_UNUSED_FUNCTION = YES;
				GCC_WARN_UNUSED_VARIABLE = YES;
				MACOSX_DEPLOYMENT_TARGET = 10.12;
				MTL_ENABLE_DEBUG_INFO = YES;
				ONLY_ACTIVE_ARCH = YES;
				SDKROOT = macosx;
			};
			name = Debug;
		};
		178E094E1F57D9250004517B /* Release */ = {
			isa = XCBuildConfiguration;
			buildSettings = {
				ALWAYS_SEARCH_USER_PATHS = NO;
				CLANG_ANALYZER_NONNULL = YES;
				CLANG_ANALYZER_NUMBER_OBJECT_CONVERSION = YES_AGGRESSIVE;
				CLANG_CXX_LANGUAGE_STANDARD = "gnu++0x";
				CLANG_CXX_LIBRARY = "libc++";
				CLANG_ENABLE_MODULES = YES;
				CLANG_ENABLE_OBJC_ARC = YES;
				CLANG_WARN_BOOL_CONVERSION = YES;
				CLANG_WARN_CONSTANT_CONVERSION = YES;
				CLANG_WARN_DIRECT_OBJC_ISA_USAGE = YES_ERROR;
				CLANG_WARN_DOCUMENTATION_COMMENTS = YES;
				CLANG_WARN_EMPTY_BODY = YES;
				CLANG_WARN_ENUM_CONVERSION = YES;
				CLANG_WARN_INFINITE_RECURSION = YES;
				CLANG_WARN_INT_CONVERSION = YES;
				CLANG_WARN_OBJC_ROOT_CLASS = YES_ERROR;
				CLANG_WARN_SUSPICIOUS_MOVE = YES;
				CLANG_WARN_UNREACHABLE_CODE = YES;
				CLANG_WARN__DUPLICATE_METHOD_MATCH = YES;
				CODE_SIGN_IDENTITY = "-";
				COPY_PHASE_STRIP = NO;
				DEBUG_INFORMATION_FORMAT = "dwarf-with-dsym";
				ENABLE_NS_ASSERTIONS = NO;
				ENABLE_STRICT_OBJC_MSGSEND = YES;
				GCC_C_LANGUAGE_STANDARD = gnu99;
				GCC_NO_COMMON_BLOCKS = YES;
				GCC_WARN_64_TO_32_BIT_CONVERSION = YES;
				GCC_WARN_ABOUT_RETURN_TYPE = YES_ERROR;
				GCC_WARN_UNDECLARED_SELECTOR = YES;
				GCC_WARN_UNINITIALIZED_AUTOS = YES_AGGRESSIVE;
				GCC_WARN_UNUSED_FUNCTION = YES;
				GCC_WARN_UNUSED_VARIABLE = YES;
				MACOSX_DEPLOYMENT_TARGET = 10.12;
				MTL_ENABLE_DEBUG_INFO = NO;
				SDKROOT = macosx;
			};
			name = Release;
		};
		178E09501F57D9250004517B /* Debug */ = {
			isa = XCBuildConfiguration;
			buildSettings = {
				DEVELOPMENT_TEAM = D34L92283T;
				PRODUCT_NAME = "$(TARGET_NAME)";
			};
			name = Debug;
		};
		178E09511F57D9250004517B /* Release */ = {
			isa = XCBuildConfiguration;
			buildSettings = {
				DEVELOPMENT_TEAM = D34L92283T;
				PRODUCT_NAME = "$(TARGET_NAME)";
			};
			name = Release;
		};
/* End XCBuildConfiguration section */

/* Begin XCConfigurationList section */
		178E09431F57D9250004517B /* Build configuration list for PBXProject "OC_algorithmDemo" */ = {
			isa = XCConfigurationList;
			buildConfigurations = (
				178E094D1F57D9250004517B /* Debug */,
				178E094E1F57D9250004517B /* Release */,
			);
			defaultConfigurationIsVisible = 0;
			defaultConfigurationName = Release;
		};
		178E094F1F57D9250004517B /* Build configuration list for PBXNativeTarget "OC_algorithmDemo" */ = {
			isa = XCConfigurationList;
			buildConfigurations = (
				178E09501F57D9250004517B /* Debug */,
				178E09511F57D9250004517B /* Release */,
			);
			defaultConfigurationIsVisible = 0;
			defaultConfigurationName = Release;
		};
/* End XCConfigurationList section */
	};
	rootObject = 178E09401F57D9250004517B /* Project object */;
}
