// !$*UTF8*$!
{
	archiveVersion = 1;
	classes = {
	};
	objectVersion = 46;
	objects = {

/* Begin PBXBuildFile section */
		178E08DF1F56BE680004517B /* main.c in Sources */ = {isa = PBXBuildFile; fileRef = 178E08DE1F56BE680004517B /* main.c */; };
		178E08E71F56BEDE0004517B /* QuickSort.c in Sources */ = {isa = PBXBuildFile; fileRef = 178E08E51F56BEDE0004517B /* QuickSort.c */; };
		178E09581F5802F60004517B /* InsertSort.c in Sources */ = {isa = PBXBuildFile; fileRef = 178E09561F5802F60004517B /* InsertSort.c */; };
		178E095B1F582F400004517B /* SelectSort.c in Sources */ = {isa = PBXBuildFile; fileRef = 178E09591F582F400004517B /* SelectSort.c */; };
/* End PBXBuildFile section */

/* Begin PBXCopyFilesBuildPhase section */
		178E08D91F56BE680004517B /* CopyFiles */ = {
			isa = PBXCopyFilesBuildPhase;
			buildActionMask = 2147483647;
			dstPath = /usr/share/man/man1/;
			dstSubfolderSpec = 0;
			files = (
			);
			runOnlyForDeploymentPostprocessing = 1;
		};
		178E08EA1F57D6DF0004517B /* CopyFiles */ = {
			isa = PBXCopyFilesBuildPhase;
			buildActionMask = 2147483647;
			dstPath = /usr/share/man/man1/;
			dstSubfolderSpec = 0;
			files = (
			);
			runOnlyForDeploymentPostprocessing = 1;
		};
/* End PBXCopyFilesBuildPhase section */

/* Begin PBXFileReference section */
		178E08DB1F56BE680004517B /* AlgorithmDemo */ = {isa = PBXFileReference; explicitFileType = "compiled.mach-o.executable"; includeInIndex = 0; path = AlgorithmDemo; sourceTree = BUILT_PRODUCTS_DIR; };
		178E08DE1F56BE680004517B /* main.c */ = {isa = PBXFileReference; lastKnownFileType = sourcecode.c.c; path = main.c; sourceTree = "<group>"; };
		178E08E51F56BEDE0004517B /* QuickSort.c */ = {isa = PBXFileReference; fileEncoding = 4; lastKnownFileType = sourcecode.c.c; path = QuickSort.c; sourceTree = "<group>"; };
		178E08E61F56BEDE0004517B /* QuickSort.h */ = {isa = PBXFileReference; fileEncoding = 4; lastKnownFileType = sourcecode.c.h; path = QuickSort.h; sourceTree = "<group>"; };
		178E08EC1F57D6DF0004517B /* OC_algorithmDemo */ = {isa = PBXFileReference; explicitFileType = "compiled.mach-o.executable"; includeInIndex = 0; path = OC_algorithmDemo; sourceTree = BUILT_PRODUCTS_DIR; };
		178E09561F5802F60004517B /* InsertSort.c */ = {isa = PBXFileReference; fileEncoding = 4; lastKnownFileType = sourcecode.c.c; path = InsertSort.c; sourceTree = "<group>"; };
		178E09571F5802F60004517B /* InsertSort.h */ = {isa = PBXFileReference; fileEncoding = 4; lastKnownFileType = sourcecode.c.h; path = InsertSort.h; sourceTree = "<group>"; };
		178E09591F582F400004517B /* SelectSort.c */ = {isa = PBXFileReference; fileEncoding = 4; lastKnownFileType = sourcecode.c.c; path = SelectSort.c; sourceTree = "<group>"; };
		178E095A1F582F400004517B /* SelectSort.h */ = {isa = PBXFileReference; fileEncoding = 4; lastKnownFileType = sourcecode.c.h; path = SelectSort.h; sourceTree = "<group>"; };
/* End PBXFileReference section */

/* Begin PBXFrameworksBuildPhase section */
		178E08D81F56BE680004517B /* Frameworks */ = {
			isa = PBXFrameworksBuildPhase;
			buildActionMask = 2147483647;
			files = (
			);
			runOnlyForDeploymentPostprocessing = 0;
		};
		178E08E91F57D6DF0004517B /* Frameworks */ = {
			isa = PBXFrameworksBuildPhase;
			buildActionMask = 2147483647;
			files = (
			);
			runOnlyForDeploymentPostprocessing = 0;
		};
/* End PBXFrameworksBuildPhase section */

/* Begin PBXGroup section */
		178E08D21F56BE680004517B = {
			isa = PBXGroup;
			children = (
				178E08DD1F56BE680004517B /* AlgorithmDemo */,
				178E08DC1F56BE680004517B /* Products */,
			);
			sourceTree = "<group>";
		};
		178E08DC1F56BE680004517B /* Products */ = {
			isa = PBXGroup;
			children = (
				178E08DB1F56BE680004517B /* AlgorithmDemo */,
				178E08EC1F57D6DF0004517B /* OC_algorithmDemo */,
			);
			name = Products;
			sourceTree = "<group>";
		};
		178E08DD1F56BE680004517B /* AlgorithmDemo */ = {
			isa = PBXGroup;
			children = (
				178E08DE1F56BE680004517B /* main.c */,
				178E08E61F56BEDE0004517B /* QuickSort.h */,
				178E08E51F56BEDE0004517B /* QuickSort.c */,
				178E09571F5802F60004517B /* InsertSort.h */,
				178E09561F5802F60004517B /* InsertSort.c */,
				178E095A1F582F400004517B /* SelectSort.h */,
				178E09591F582F400004517B /* SelectSort.c */,
			);
			path = AlgorithmDemo;
			sourceTree = "<group>";
		};
/* End PBXGroup section */

/* Begin PBXNativeTarget section */
		178E08DA1F56BE680004517B /* AlgorithmDemo */ = {
			isa = PBXNativeTarget;
			buildConfigurationList = 178E08E21F56BE680004517B /* Build configuration list for PBXNativeTarget "AlgorithmDemo" */;
			buildPhases = (
				178E08D71F56BE680004517B /* Sources */,
				178E08D81F56BE680004517B /* Frameworks */,
				178E08D91F56BE680004517B /* CopyFiles */,
			);
			buildRules = (
			);
			dependencies = (
			);
			name = AlgorithmDemo;
			productName = AlgorithmDemo;
			productReference = 178E08DB1F56BE680004517B /* AlgorithmDemo */;
			productType = "com.apple.product-type.tool";
		};
		178E08EB1F57D6DF0004517B /* OC_algorithmDemo */ = {
			isa = PBXNativeTarget;
			buildConfigurationList = 178E08F21F57D6DF0004517B /* Build configuration list for PBXNativeTarget "OC_algorithmDemo" */;
			buildPhases = (
				178E08E81F57D6DF0004517B /* Sources */,
				178E08E91F57D6DF0004517B /* Frameworks */,
				178E08EA1F57D6DF0004517B /* CopyFiles */,
			);
			buildRules = (
			);
			dependencies = (
			);
			name = OC_algorithmDemo;
			productName = OC_algorithmDemo;
			productReference = 178E08EC1F57D6DF0004517B /* OC_algorithmDemo */;
			productType = "com.apple.product-type.tool";
		};
/* End PBXNativeTarget section */

/* Begin PBXProject section */
		178E08D31F56BE680004517B /* Project object */ = {
			isa = PBXProject;
			attributes = {
				LastUpgradeCheck = 0830;
				ORGANIZATIONNAME = "刘宇";
				TargetAttributes = {
					178E08DA1F56BE680004517B = {
						CreatedOnToolsVersion = 8.3.3;
						DevelopmentTeam = D34L92283T;
						ProvisioningStyle = Automatic;
					};
					178E08EB1F57D6DF0004517B = {
						CreatedOnToolsVersion = 8.3.3;
						DevelopmentTeam = D34L92283T;
						ProvisioningStyle = Automatic;
					};
				};
			};
			buildConfigurationList = 178E08D61F56BE680004517B /* Build configuration list for PBXProject "AlgorithmDemo" */;
			compatibilityVersion = "Xcode 3.2";
			developmentRegion = English;
			hasScannedForEncodings = 0;
			knownRegions = (
				en,
			);
			mainGroup = 178E08D21F56BE680004517B;
			productRefGroup = 178E08DC1F56BE680004517B /* Products */;
			projectDirPath = "";
			projectRoot = "";
			targets = (
				178E08DA1F56BE680004517B /* AlgorithmDemo */,
				178E08EB1F57D6DF0004517B /* OC_algorithmDemo */,
			);
		};
/* End PBXProject section */

/* Begin PBXSourcesBuildPhase section */
		178E08D71F56BE680004517B /* Sources */ = {
			isa = PBXSourcesBuildPhase;
			buildActionMask = 2147483647;
			files = (
				178E08DF1F56BE680004517B /* main.c in Sources */,
				178E095B1F582F400004517B /* SelectSort.c in Sources */,
				178E08E71F56BEDE0004517B /* QuickSort.c in Sources */,
				178E09581F5802F60004517B /* InsertSort.c in Sources */,
			);
			runOnlyForDeploymentPostprocessing = 0;
		};
		178E08E81F57D6DF0004517B /* Sources */ = {
			isa = PBXSourcesBuildPhase;
			buildActionMask = 2147483647;
			files = (
			);
			runOnlyForDeploymentPostprocessing = 0;
		};
/* End PBXSourcesBuildPhase section */

/* Begin XCBuildConfiguration section */
		178E08E01F56BE680004517B /* Debug */ = {
			isa = XCBuildConfiguration;
			buildSettings = {
				ALWAYS_SEARCH_USER_PATHS = NO;
				CLANG_ANALYZER_NONNULL = YES;
				CLANG_ANALYZER_NUMBER_OBJECT_CONVERSION = YES_AGGRESSIVE;
				CLANG_CXX_LANGUAGE_STANDARD = "gnu++0x";
				CLANG_CXX_LIBRARY = "libc++";
				CLANG_ENABLE_MODULES = YES;
				CLANG_ENABLE_OBJC_ARC = YES;
				CLANG_WARN_BOOL_CONVERSION = YES;
				CLANG_WARN_CONSTANT_CONVERSION = YES;
				CLANG_WARN_DIRECT_OBJC_ISA_USAGE = YES_ERROR;
				CLANG_WARN_DOCUMENTATION_COMMENTS = YES;
				CLANG_WARN_EMPTY_BODY = YES;
				CLANG_WARN_ENUM_CONVERSION = YES;
				CLANG_WARN_INFINITE_RECURSION = YES;
				CLANG_WARN_INT_CONVERSION = YES;
				CLANG_WARN_OBJC_ROOT_CLASS = YES_ERROR;
				CLANG_WARN_SUSPICIOUS_MOVE = YES;
				CLANG_WARN_UNREACHABLE_CODE = YES;
				CLANG_WARN__DUPLICATE_METHOD_MATCH = YES;
				CODE_SIGN_IDENTITY = "-";
				COPY_PHASE_STRIP = NO;
				DEBUG_INFORMATION_FORMAT = dwarf;
				ENABLE_STRICT_OBJC_MSGSEND = YES;
				ENABLE_TESTABILITY = YES;
				GCC_C_LANGUAGE_STANDARD = gnu99;
				GCC_DYNAMIC_NO_PIC = NO;
				GCC_NO_COMMON_BLOCKS = YES;
				GCC_OPTIMIZATION_LEVEL = 0;
				GCC_PREPROCESSOR_DEFINITIONS = (
					"DEBUG=1",
					"$(inherited)",
				);
				GCC_WARN_64_TO_32_BIT_CONVERSION = YES;
				GCC_WARN_ABOUT_RETURN_TYPE = YES_ERROR;
				GCC_WARN_UNDECLARED_SELECTOR = YES;
				GCC_WARN_UNINITIALIZED_AUTOS = YES_AGGRESSIVE;
				GCC_WARN_UNUSED_FUNCTION = YES;
				GCC_WARN_UNUSED_VARIABLE = YES;
				MACOSX_DEPLOYMENT_TARGET = 10.12;
				MTL_ENABLE_DEBUG_INFO = YES;
				ONLY_ACTIVE_ARCH = YES;
				SDKROOT = macosx;
			};
			name = Debug;
		};
		178E08E11F56BE680004517B /* Release */ = {
			isa = XCBuildConfiguration;
			buildSettings = {
				ALWAYS_SEARCH_USER_PATHS = NO;
				CLANG_ANALYZER_NONNULL = YES;
				CLANG_ANALYZER_NUMBER_OBJECT_CONVERSION = YES_AGGRESSIVE;
				CLANG_CXX_LANGUAGE_STANDARD = "gnu++0x";
				CLANG_CXX_LIBRARY = "libc++";
				CLANG_ENABLE_MODULES = YES;
				CLANG_ENABLE_OBJC_ARC = YES;
				CLANG_WARN_BOOL_CONVERSION = YES;
				CLANG_WARN_CONSTANT_CONVERSION = YES;
				CLANG_WARN_DIRECT_OBJC_ISA_USAGE = YES_ERROR;
				CLANG_WARN_DOCUMENTATION_COMMENTS = YES;
				CLANG_WARN_EMPTY_BODY = YES;
				CLANG_WARN_ENUM_CONVERSION = YES;
				CLANG_WARN_INFINITE_RECURSION = YES;
				CLANG_WARN_INT_CONVERSION = YES;
				CLANG_WARN_OBJC_ROOT_CLASS = YES_ERROR;
				CLANG_WARN_SUSPICIOUS_MOVE = YES;
				CLANG_WARN_UNREACHABLE_CODE = YES;
				CLANG_WARN__DUPLICATE_METHOD_MATCH = YES;
				CODE_SIGN_IDENTITY = "-";
				COPY_PHASE_STRIP = NO;
				DEBUG_INFORMATION_FORMAT = "dwarf-with-dsym";
				ENABLE_NS_ASSERTIONS = NO;
				ENABLE_STRICT_OBJC_MSGSEND = YES;
				GCC_C_LANGUAGE_STANDARD = gnu99;
				GCC_NO_COMMON_BLOCKS = YES;
				GCC_WARN_64_TO_32_BIT_CONVERSION = YES;
				GCC_WARN_ABOUT_RETURN_TYPE = YES_ERROR;
				GCC_WARN_UNDECLARED_SELECTOR = YES;
				GCC_WARN_UNINITIALIZED_AUTOS = YES_AGGRESSIVE;
				GCC_WARN_UNUSED_FUNCTION = YES;
				GCC_WARN_UNUSED_VARIABLE = YES;
				MACOSX_DEPLOYMENT_TARGET = 10.12;
				MTL_ENABLE_DEBUG_INFO = NO;
				SDKROOT = macosx;
			};
			name = Release;
		};
		178E08E31F56BE680004517B /* Debug */ = {
			isa = XCBuildConfiguration;
			buildSettings = {
				DEVELOPMENT_TEAM = D34L92283T;
				PRODUCT_NAME = "$(TARGET_NAME)";
			};
			name = Debug;
		};
		178E08E41F56BE680004517B /* Release */ = {
			isa = XCBuildConfiguration;
			buildSettings = {
				DEVELOPMENT_TEAM = D34L92283T;
				PRODUCT_NAME = "$(TARGET_NAME)";
			};
			name = Release;
		};
		178E08F01F57D6DF0004517B /* Debug */ = {
			isa = XCBuildConfiguration;
			buildSettings = {
				DEVELOPMENT_TEAM = D34L92283T;
				PRODUCT_NAME = "$(TARGET_NAME)";
			};
			name = Debug;
		};
		178E08F11F57D6DF0004517B /* Release */ = {
			isa = XCBuildConfiguration;
			buildSettings = {
				DEVELOPMENT_TEAM = D34L92283T;
				PRODUCT_NAME = "$(TARGET_NAME)";
			};
			name = Release;
		};
/* End XCBuildConfiguration section */

/* Begin XCConfigurationList section */
		178E08D61F56BE680004517B /* Build configuration list for PBXProject "AlgorithmDemo" */ = {
			isa = XCConfigurationList;
			buildConfigurations = (
				178E08E01F56BE680004517B /* Debug */,
				178E08E11F56BE680004517B /* Release */,
			);
			defaultConfigurationIsVisible = 0;
			defaultConfigurationName = Release;
		};
		178E08E21F56BE680004517B /* Build configuration list for PBXNativeTarget "AlgorithmDemo" */ = {
			isa = XCConfigurationList;
			buildConfigurations = (
				178E08E31F56BE680004517B /* Debug */,
				178E08E41F56BE680004517B /* Release */,
			);
			defaultConfigurationIsVisible = 0;
			defaultConfigurationName = Release;
		};
		178E08F21F57D6DF0004517B /* Build configuration list for PBXNativeTarget "OC_algorithmDemo" */ = {
			isa = XCConfigurationList;
			buildConfigurations = (
				178E08F01F57D6DF0004517B /* Debug */,
				178E08F11F57D6DF0004517B /* Release */,
			);
			defaultConfigurationIsVisible = 0;
			defaultConfigurationName = Release;
		};
/* End XCConfigurationList section */
	};
	rootObject = 178E08D31F56BE680004517B /* Project object */;
}
